# This file was autogenerated by Stack.
# You should not edit this file by hand.
# For more information, please see the documentation at:
#   https://docs.haskellstack.org/en/stable/lock_files

packages:
- completed:
    hackage: interpolatedstring-perl6-1.0.2@sha256:7ce49c8a69a2a1b89c001ed79db2aab656ffd0faf2a7a701a553b6deb5c8ba7f,1073
    pantry-tree:
      size: 300
      sha256: f7f0b06c58db814d1f12ed6f4f4cb67ff8c72e51da61c04db12c2aedb896542e
  original:
    hackage: interpolatedstring-perl6-1.0.2@sha256:7ce49c8a69a2a1b89c001ed79db2aab656ffd0faf2a7a701a553b6deb5c8ba7f,1073
snapshots:
- completed:
    size: 590100
    url: https://raw.githubusercontent.com/commercialhaskell/stackage-snapshots/master/lts/18/28.yaml
    sha256: 428ec8d5ce932190d3cbe266b9eb3c175cd81e984babf876b64019e2cbe4ea68
  original: lts-18.28
