# This file was autogenerated by Stack.
# You should not edit this file by hand.
# For more information, please see the documentation at:
#   https://docs.haskellstack.org/en/stable/lock_files

packages: []
snapshots:
- completed:
    size: 504553
    url: https://raw.githubusercontent.com/commercialhaskell/stackage-snapshots/master/lts/12/13.yaml
    sha256: 8bf2a28cdf049f056ec71c0e61a731ba9400c1f01ee15a73d815519d842437f2
  original: lts-12.13
